
Microsoft Visual Studio Solution File, Format Version 12.00
# Visual Studio Version 17
VisualStudioVersion = 17.3.32929.385
MinimumVisualStudioVersion = 10.0.40219.1
Project("{FAE04EC0-301F-11D3-BF4B-00C04F79EFBC}") = "Entity Projesi", "Entity Projesi\Entity Projesi.csproj", "{A7E3CF95-B3E6-4C81-AB20-2DFA88A22247}"
EndProject
Global
	GlobalSection(SolutionConfigurationPlatforms) = preSolution
		Debug|Any CPU = Debug|Any CPU
		Release|Any CPU = Release|Any CPU
	EndGlobalSection
	GlobalSection(ProjectConfigurationPlatforms) = postSolution
		{A7E3CF95-B3E6-4C81-AB20-2DFA88A22247}.Debug|Any CPU.ActiveCfg = Debug|Any CPU
		{A7E3CF95-B3E6-4C81-AB20-2DFA88A22247}.Debug|Any CPU.Build.0 = Debug|Any CPU
		{A7E3CF95-B3E6-4C81-AB20-2DFA88A22247}.Release|Any CPU.ActiveCfg = Release|Any CPU
		{A7E3CF95-B3E6-4C81-AB20-2DFA88A22247}.Release|Any CPU.Build.0 = Release|Any CPU
	EndGlobalSection
	GlobalSection(SolutionProperties) = preSolution
		HideSolutionNode = FALSE
	EndGlobalSection
	GlobalSection(ExtensibilityGlobals) = postSolution
		SolutionGuid = {936DF677-2A68-4296-88A1-EE153AC4D1D6}
	EndGlobalSection
EndGlobal
